github.com/One-com/gone v0.0.0-20210510055705-059b1e22b0b6 h1:7gCusAlPshTH6S+nfmdL/NEozcuJ1IRpBDPI+bpgyug=
github.com/One-com/gone v0.0.0-20210510055705-059b1e22b0b6/go.mod h1:w4hLuMPDG7qJVBOBBA0YKkrcSEsRxiVjBDWXLL1X3ow=
github.com/One-com/gone/daemon v1.0.0 h1:Hm0paXWJwbv9eJ7FKzZOpuYKwO9uU2ePkBTFV/ChRs4=
github.com/One-com/gone/daemon v1.0.0/go.mod h1:4iDPTPQrsTB9Um3l3UtKiz5w7c+TRXShF8HefNeJ4ps=
github.com/One-com/gone/http v1.0.0 h1:nQzQdRzX1RUWjzT4lJ8VtpqWNTDHUh6jeKYH/cI9aXw=
github.com/One-com/gone/http v1.0.0/go.mod h1:0heTr3gmKyx9vH5lkeOl/t1LIAiQ3IlYU8XBi7aLY+0=
github.com/One-com/gone/jconf v0.0.0-20210510055705-059b1e22b0b6 h1:hTujv8Nglhh6EUiaQ8pqPR/icx7j3yeHwBdoHGYrK1A=
github.com/One-com/gone/jconf v0.0.0-20210510055705-059b1e22b0b6/go.mod h1:kk0hd2WHTByBdk9IfusSqSuU5zJdFnL0ZwgGMS14N0U=
github.com/One-com/gone/log v1.0.1 h1:mkNhFUdSfIB10UGU/ehCgTLVh5tsF00+Aw6RFT9DNoM=
github.com/One-com/gone/log v1.0.1/go.mod h1:EbUe+aNbwJgW1zMvAbhlwxb+PCGLQ5V7ATQ03MKMJcU=
github.com/One-com/gone/netutil v1.0.0 h1:Kzh6h8NKVzT2028dEsorp0P7qA4X7t0NdrnebHU+Hyg=
github.com/One-com/gone/netutil v1.0.0/go.mod h1:ihqiMU5Pee5SKMVwmBJ5I1qhmZKJA/MeL4CIhO9xbZQ=
github.com/One-com/gone/sd v1.0.0 h1:Uq79MoGzFR8EyQlcddJ4CI7rEhrwJBh4NdoCGvTUAyc=
github.com/One-com/gone/sd v1.0.0/go.mod h1:qmHRUG6SI4GN2XB38jCmEhvRLi2fXWsL36fBTjLQSNo=
github.com/One-com/gone/signals v1.0.0 h1:7rj49R0Tmli8BNoaZaVnd2er13JL3zDxwBNGibziOpM=
github.com/One-com/gone/signals v1.0.0/go.mod h1:awuhQpHqNwu5hwQc0yAUvVIp8RtziC8RXD/7oxguD3w=
github.com/go-logfmt/logfmt v0.5.0 h1:TrB8swr/68K7m9CcGut2g3UOihhbcbiMAYiuTXdEih4=
github.com/go-logfmt/logfmt v0.5.0/go.mod h1:wCYkCAKZfumFQihp8CzCvQ3paCTfi41vtzG1KdI/P7A=
github.com/pkg/errors v0.9.1 h1:FEBLx1zS214owpjy7qsBeixbURkuhQAwrK5UwLGTwt4=
github.com/pkg/errors v0.9.1/go.mod h1:bwawxfHBFNV+L2hUp1rHADufV3IMtnDRdf1r5NINEl0=
github.com/valyala/ybc v0.0.0-20181207142156-3d480539f84d h1:hWBfKIvB83ZIDZOHkQ259t8NAUf31XAliezPQi46Bgc=
github.com/valyala/ybc v0.0.0-20181207142156-3d480539f84d/go.mod h1:COF8iCXC1VzAHUjrvWlQKRwAEy75sMVOvaQRXjhCpgY=
golang.org/x/crypto v0.0.0-20210513164829-c07d793c2f9a h1:kr2P4QFmQr29mSLA43kwrOcgcReGTfbE9N577tCTuBc=
golang.org/x/crypto v0.0.0-20210513164829-c07d793c2f9a/go.mod h1:P+XmwS30IXTQdn5tA2iutPOUgjI07+tq3H3K9MVA1s8=
golang.org/x/net v0.0.0-20210226172049-e18ecbb05110/go.mod h1:m0MpNAwzfU5UDzcl9v0D8zg8gWTRqZa9RBIspLL5mdg=
golang.org/x/net v0.0.0-20210316092652-d523dce5a7f4 h1:b0LrWgu8+q7z4J+0Y3Umo5q1dL7NXBkKBWkaVkAq17E=
golang.org/x/net v0.0.0-20210316092652-d523dce5a7f4/go.mod h1:RBQZq4jEuRlivfhVLdyRGr576XBO4/greRjx4P4O3yc=
golang.org/x/sys v0.0.0-20201119102817-f84b799fce68/go.mod h1:h1NjWce9XRLGQEsW7wpKNCjG9DtNlClVuFLEZdDNbEs=
golang.org/x/sys v0.0.0-20210315160823-c6e025ad8005/go.mod h1:h1NjWce9XRLGQEsW7wpKNCjG9DtNlClVuFLEZdDNbEs=
golang.org/x/term v0.0.0-20201126162022-7de9c90e9dd1/go.mod h1:bj7SfCRtBDWHUb9snDiAeCFNEtKQo2Wmx5Cou7ajbmo=
golang.org/x/text v0.3.3 h1:cokOdA+Jmi5PJGXLlLllQSgYigAEfHXJAERHVMaCc2k=
golang.org/x/text v0.3.3/go.mod h1:5Zoc/QRtKVWzQhOtBMvqHzDpF6irO9z98xDceosuGiQ=
golang.org/x/tools v0.0.0-20180917221912-90fa682c2a6e/go.mod h1:n7NCudcB/nEzxVGmLbDWY5pfWTLqBcC2KZ6jyYvM4mQ=
